# This file is automatically @generated by Poetry 1.8.2 and should not be changed by hand.

[[package]]
name = "configparser"
version = "7.0.0"
description = "Updated configparser from stdlib for earlier Pythons."
optional = false
python-versions = ">=3.8"
files = [
    {file = "configparser-7.0.0-py3-none-any.whl", hash = "sha256:f46d52a12811c637104c6bb8eb33693be0038ab6bf01d69aae009c39ec8c2017"},
    {file = "configparser-7.0.0.tar.gz", hash = "sha256:af3c618a67aaaedc4d689fd7317d238f566b9aa03cae50102e92d7f0dfe78ba0"},
]

[package.extras]
docs = ["furo", "jaraco.packaging (>=9.3)", "jaraco.tidelift (>=1.4)", "rst.linker (>=1.9)", "sphinx (>=3.5)", "sphinx-lint"]
testing = ["pytest (>=6,!=8.1.1)", "pytest-checkdocs (>=2.4)", "pytest-cov", "pytest-enabler (>=2.2)", "pytest-mypy", "pytest-ruff (>=0.2.1)", "types-backports"]

[[package]]
name = "javascript"
version = "1!1.2.1"
description = "Call and interop Node.js APIs with Python"
optional = false
python-versions = "<4,>=3.7"
files = [
    {file = "javascript-1!1.2.1-py3-none-any.whl", hash = "sha256:cd8c92d5856ac2f5f27d12902714e72ecf0e241b2d1c221ca397af9db87db87b"},
    {file = "javascript-1!1.2.1.tar.gz", hash = "sha256:a19e2d8e9109f45b1a529f5e151b1bf50d0aa4e7941abcd287d48984c897558f"},
]

[package.extras]
dev = ["check-manifest"]
test = ["coverage"]

[metadata]
lock-version = "2.0"
python-versions = "^3.11"
content-hash = "f125dffe8cbe18fa15e1468c8d0ae9b22b45038e8144f3ace6654d19e3e292fd"
